
Microsoft Visual Studio Solution File, Format Version 12.00
Project("{FAE04EC0-301F-11D3-BF4B-00C04F79EFBC}") = "apbd-cw1-git-s31696", "apbd-cw1-git-s31696\apbd-cw1-git-s31696.csproj", "{170BA801-7EEB-41D3-B848-0A619D51B05F}"
EndProject
Global
	GlobalSection(SolutionConfigurationPlatforms) = preSolution
		Debug|Any CPU = Debug|Any CPU
		Release|Any CPU = Release|Any CPU
	EndGlobalSection
	GlobalSection(ProjectConfigurationPlatforms) = postSolution
		{170BA801-7EEB-41D3-B848-0A619D51B05F}.Debug|Any CPU.ActiveCfg = Debug|Any CPU
		{170BA801-7EEB-41D3-B848-0A619D51B05F}.Debug|Any CPU.Build.0 = Debug|Any CPU
		{170BA801-7EEB-41D3-B848-0A619D51B05F}.Release|Any CPU.ActiveCfg = Release|Any CPU
		{170BA801-7EEB-41D3-B848-0A619D51B05F}.Release|Any CPU.Build.0 = Release|Any CPU
	EndGlobalSection
EndGlobal
